// !$*UTF8*$!
{
	archiveVersion = 1;
	classes = {
	};
	objectVersion = 46;
	objects = {

/* Begin PBXBuildFile section */
		0436AE6F1BC355ED00510928 /* PurchasedTableViewCell.xib in Resources */ = {isa = PBXBuildFile; fileRef = 0436AE6E1BC355ED00510928 /* PurchasedTableViewCell.xib */; };
		0436AE721BC356B000510928 /* PurchasedTableViewCell.m in Sources */ = {isa = PBXBuildFile; fileRef = 0436AE711BC356B000510928 /* PurchasedTableViewCell.m */; };
		0436AE771BC3590800510928 /* PurchasedViewController.m in Sources */ = {isa = PBXBuildFile; fileRef = 0436AE761BC3588300510928 /* PurchasedViewController.m */; };
		043938711AF2FEB7004EA4D3 /* MapKit.framework in Frameworks */ = {isa = PBXBuildFile; fileRef = 043938701AF2FEB7004EA4D3 /* MapKit.framework */; };
		043938741AF30206004EA4D3 /* HomeScreenViewController.m in Sources */ = {isa = PBXBuildFile; fileRef = 043938731AF30206004EA4D3 /* HomeScreenViewController.m */; };
		043938771AF53DA1004EA4D3 /* RecipeCell.xib in Resources */ = {isa = PBXBuildFile; fileRef = 043938761AF53DA1004EA4D3 /* RecipeCell.xib */; };
		0439387A1AF53DEB004EA4D3 /* RecipeCell.m in Sources */ = {isa = PBXBuildFile; fileRef = 043938791AF53DEB004EA4D3 /* RecipeCell.m */; };
		0439387D1AF5444F004EA4D3 /* InformationViewController.m in Sources */ = {isa = PBXBuildFile; fileRef = 0439387C1AF5444F004EA4D3 /* InformationViewController.m */; };
		043938811AF54486004EA4D3 /* LocationViewController.m in Sources */ = {isa = PBXBuildFile; fileRef = 043938801AF54486004EA4D3 /* LocationViewController.m */; };
		043938841AF544A9004EA4D3 /* RecipeViewController.m in Sources */ = {isa = PBXBuildFile; fileRef = 043938831AF544A9004EA4D3 /* RecipeViewController.m */; };
		043938871AF54BE0004EA4D3 /* MapViewController.m in Sources */ = {isa = PBXBuildFile; fileRef = 043938861AF54BE0004EA4D3 /* MapViewController.m */; };
		0439388A1AF54C00004EA4D3 /* SearchViewController.m in Sources */ = {isa = PBXBuildFile; fileRef = 043938891AF54C00004EA4D3 /* SearchViewController.m */; };
		0439388D1AF54C23004EA4D3 /* FavouriteViewController.m in Sources */ = {isa = PBXBuildFile; fileRef = 0439388C1AF54C23004EA4D3 /* FavouriteViewController.m */; };
		043938901AF54C46004EA4D3 /* PopularViewController.m in Sources */ = {isa = PBXBuildFile; fileRef = 0439388F1AF54C46004EA4D3 /* PopularViewController.m */; };
		043938931AF54C68004EA4D3 /* SeasonViewController.m in Sources */ = {isa = PBXBuildFile; fileRef = 043938921AF54C68004EA4D3 /* SeasonViewController.m */; };
		045057631B83FA7C0032C8FF /* UIView+AdjustSize.m in Sources */ = {isa = PBXBuildFile; fileRef = 045057621B83FA7C0032C8FF /* UIView+AdjustSize.m */; };
		04551AA41AFC384000DBEE9B /* Featured.m in Sources */ = {isa = PBXBuildFile; fileRef = 04551AA31AFC384000DBEE9B /* Featured.m */; };
		0478C1001B658A6900AE4ED2 /* Utils.m in Sources */ = {isa = PBXBuildFile; fileRef = 0478C0FF1B658A6900AE4ED2 /* Utils.m */; };
		04A16D5A1B8BF00C00C41E95 /* TableViewCell.xib in Resources */ = {isa = PBXBuildFile; fileRef = 04A16D591B8BF00C00C41E95 /* TableViewCell.xib */; };
		04A16D5D1B8BF20400C41E95 /* IngredientsTableCell.m in Sources */ = {isa = PBXBuildFile; fileRef = 04A16D5C1B8BF20400C41E95 /* IngredientsTableCell.m */; };
		04CE74391ACCC13200624A7F /* Location.m in Sources */ = {isa = PBXBuildFile; fileRef = 04CE74381ACCC13200624A7F /* Location.m */; };
		04CE743C1ACCC81800624A7F /* Information.m in Sources */ = {isa = PBXBuildFile; fileRef = 04CE743B1ACCC81800624A7F /* Information.m */; };
		04CE74401ACCC88300624A7F /* Popular.m in Sources */ = {isa = PBXBuildFile; fileRef = 04CE743F1ACCC88300624A7F /* Popular.m */; };
		04F0A0371B7187CD0041CB33 /* Titlescreen@2x.png in Resources */ = {isa = PBXBuildFile; fileRef = 04F0A0361B7187CD0041CB33 /* Titlescreen@2x.png */; };
		04F5CA411AA3B4FB002D1069 /* main.m in Sources */ = {isa = PBXBuildFile; fileRef = 04F5CA401AA3B4FB002D1069 /* main.m */; };
		04F5CA441AA3B4FB002D1069 /* AppDelegate.m in Sources */ = {isa = PBXBuildFile; fileRef = 04F5CA431AA3B4FB002D1069 /* AppDelegate.m */; };
		04F5CA471AA3B4FB002D1069 /* FACCookbook.xcdatamodeld in Sources */ = {isa = PBXBuildFile; fileRef = 04F5CA451AA3B4FB002D1069 /* FACCookbook.xcdatamodeld */; };
		04F5CA4D1AA3B4FB002D1069 /* Main.storyboard in Resources */ = {isa = PBXBuildFile; fileRef = 04F5CA4B1AA3B4FB002D1069 /* Main.storyboard */; };
		04F5CA4F1AA3B4FB002D1069 /* Images.xcassets in Resources */ = {isa = PBXBuildFile; fileRef = 04F5CA4E1AA3B4FB002D1069 /* Images.xcassets */; };
		04F5CA521AA3B4FB002D1069 /* LaunchScreen.xib in Resources */ = {isa = PBXBuildFile; fileRef = 04F5CA501AA3B4FB002D1069 /* LaunchScreen.xib */; };
		04F5CA5E1AA3B4FB002D1069 /* FACCookbookTests.m in Sources */ = {isa = PBXBuildFile; fileRef = 04F5CA5D1AA3B4FB002D1069 /* FACCookbookTests.m */; };
		04F5CA6B1AAA62FD002D1069 /* Direction.m in Sources */ = {isa = PBXBuildFile; fileRef = 04F5CA6A1AAA62FD002D1069 /* Direction.m */; };
		04F5CA701AAA64CD002D1069 /* Ingredient.m in Sources */ = {isa = PBXBuildFile; fileRef = 04F5CA6F1AAA64CD002D1069 /* Ingredient.m */; };
		04F5CA721AAA64DF002D1069 /* Recipe.m in Sources */ = {isa = PBXBuildFile; fileRef = 04F5CA711AAA64DF002D1069 /* Recipe.m */; };
		04F5CA741AAA64ED002D1069 /* Note.m in Sources */ = {isa = PBXBuildFile; fileRef = 04F5CA731AAA64ED002D1069 /* Note.m */; };
		04F5CA761AABCBA8002D1069 /* DataService.m in Sources */ = {isa = PBXBuildFile; fileRef = 04F5CA751AABCBA8002D1069 /* DataService.m */; };
		5045CCC41B5FCB370039C2D9 /* CoreData.framework in Frameworks */ = {isa = PBXBuildFile; fileRef = 5045CCC31B5FCB370039C2D9 /* CoreData.framework */; };
		509D327E1B5FCE2800388374 /* HomeView.xib in Resources */ = {isa = PBXBuildFile; fileRef = 509D327D1B5FCE2800388374 /* HomeView.xib */; };
		509D32811B5FD20400388374 /* HomeScreenViewLayout.m in Sources */ = {isa = PBXBuildFile; fileRef = 509D32801B5FD20400388374 /* HomeScreenViewLayout.m */; };
		559C0E711B5FFD04002BF4E6 /* ParentCollectionViewController.m in Sources */ = {isa = PBXBuildFile; fileRef = 559C0E701B5FFD04002BF4E6 /* ParentCollectionViewController.m */; };
		A78ED9121B60373300C4DEC5 /* Purchased.m in Sources */ = {isa = PBXBuildFile; fileRef = A78ED9111B60373300C4DEC5 /* Purchased.m */; };
		DC3D88E0AC69975EE4B0D3F5 /* libPods.a in Frameworks */ = {isa = PBXBuildFile; fileRef = DB285498520DC5955837AB35 /* libPods.a */; };
		F2E2A9FA1B5FFE2E002C8E31 /* SearchItems.m in Sources */ = {isa = PBXBuildFile; fileRef = F2E2A9F91B5FFE2E002C8E31 /* SearchItems.m */; };
		F2E2AA001B6006F5002C8E31 /* Categories.m in Sources */ = {isa = PBXBuildFile; fileRef = F2E2A9FF1B6006F5002C8E31 /* Categories.m */; };
/* End PBXBuildFile section */

/* Begin PBXContainerItemProxy section */
		04F5CA581AA3B4FB002D1069 /* PBXContainerItemProxy */ = {
			isa = PBXContainerItemProxy;
			containerPortal = 04F5CA331AA3B4FB002D1069 /* Project object */;
			proxyType = 1;
			remoteGlobalIDString = 04F5CA3A1AA3B4FB002D1069;
			remoteInfo = FACCookbook;
		};
/* End PBXContainerItemProxy section */

/* Begin PBXFileReference section */
		042EE73AA618551F25E72F71 /* Pods.release.xcconfig */ = {isa = PBXFileReference; includeInIndex = 1; lastKnownFileType = text.xcconfig; name = Pods.release.xcconfig; path = "Pods/Target Support Files/Pods/Pods.release.xcconfig"; sourceTree = "<group>"; };
		0436AE6E1BC355ED00510928 /* PurchasedTableViewCell.xib */ = {isa = PBXFileReference; fileEncoding = 4; lastKnownFileType = file.xib; path = PurchasedTableViewCell.xib; sourceTree = "<group>"; };
		0436AE701BC356B000510928 /* PurchasedTableViewCell.h */ = {isa = PBXFileReference; fileEncoding = 4; lastKnownFileType = sourcecode.c.h; path = PurchasedTableViewCell.h; sourceTree = "<group>"; };
		0436AE711BC356B000510928 /* PurchasedTableViewCell.m */ = {isa = PBXFileReference; fileEncoding = 4; lastKnownFileType = sourcecode.c.objc; path = PurchasedTableViewCell.m; sourceTree = "<group>"; };
		0436AE751BC3585300510928 /* PurchasedViewController.h */ = {isa = PBXFileReference; fileEncoding = 4; lastKnownFileType = sourcecode.c.h; path = PurchasedViewController.h; sourceTree = "<group>"; };
		0436AE761BC3588300510928 /* PurchasedViewController.m */ = {isa = PBXFileReference; fileEncoding = 4; lastKnownFileType = sourcecode.c.objc; path = PurchasedViewController.m; sourceTree = "<group>"; };
		043938701AF2FEB7004EA4D3 /* MapKit.framework */ = {isa = PBXFileReference; lastKnownFileType = wrapper.framework; name = MapKit.framework; path = System/Library/Frameworks/MapKit.framework; sourceTree = SDKROOT; };
		043938731AF30206004EA4D3 /* HomeScreenViewController.m */ = {isa = PBXFileReference; fileEncoding = 4; lastKnownFileType = sourcecode.c.objc; path = HomeScreenViewController.m; sourceTree = "<group>"; };
		043938751AF3021F004EA4D3 /* HomeScreenViewController.h */ = {isa = PBXFileReference; lastKnownFileType = sourcecode.c.h; path = HomeScreenViewController.h; sourceTree = "<group>"; };
		043938761AF53DA1004EA4D3 /* RecipeCell.xib */ = {isa = PBXFileReference; fileEncoding = 4; lastKnownFileType = file.xib; path = RecipeCell.xib; sourceTree = "<group>"; };
		043938791AF53DEB004EA4D3 /* RecipeCell.m */ = {isa = PBXFileReference; fileEncoding = 4; lastKnownFileType = sourcecode.c.objc; path = RecipeCell.m; sourceTree = "<group>"; };
		0439387B1AF53DF6004EA4D3 /* RecipeCell.h */ = {isa = PBXFileReference; lastKnownFileType = sourcecode.c.h; path = RecipeCell.h; sourceTree = "<group>"; };
		0439387C1AF5444F004EA4D3 /* InformationViewController.m */ = {isa = PBXFileReference; fileEncoding = 4; lastKnownFileType = sourcecode.c.objc; path = InformationViewController.m; sourceTree = "<group>"; };
		0439387E1AF5445D004EA4D3 /* InformationViewController.h */ = {isa = PBXFileReference; lastKnownFileType = sourcecode.c.h; path = InformationViewController.h; sourceTree = "<group>"; };
		0439387F1AF54478004EA4D3 /* LocationViewController.h */ = {isa = PBXFileReference; lastKnownFileType = sourcecode.c.h; path = LocationViewController.h; sourceTree = "<group>"; };
		043938801AF54486004EA4D3 /* LocationViewController.m */ = {isa = PBXFileReference; fileEncoding = 4; lastKnownFileType = sourcecode.c.objc; path = LocationViewController.m; sourceTree = "<group>"; };
		043938821AF54498004EA4D3 /* RecipeViewController.h */ = {isa = PBXFileReference; lastKnownFileType = sourcecode.c.h; path = RecipeViewController.h; sourceTree = "<group>"; };
		043938831AF544A9004EA4D3 /* RecipeViewController.m */ = {isa = PBXFileReference; fileEncoding = 4; lastKnownFileType = sourcecode.c.objc; path = RecipeViewController.m; sourceTree = "<group>"; };
		043938851AF54BCF004EA4D3 /* MapViewController.h */ = {isa = PBXFileReference; fileEncoding = 4; lastKnownFileType = sourcecode.c.h; path = MapViewController.h; sourceTree = "<group>"; };
		043938861AF54BE0004EA4D3 /* MapViewController.m */ = {isa = PBXFileReference; fileEncoding = 4; lastKnownFileType = sourcecode.c.objc; path = MapViewController.m; sourceTree = "<group>"; };
		043938881AF54BED004EA4D3 /* SearchViewController.h */ = {isa = PBXFileReference; lastKnownFileType = sourcecode.c.h; path = SearchViewController.h; sourceTree = "<group>"; };
		043938891AF54C00004EA4D3 /* SearchViewController.m */ = {isa = PBXFileReference; fileEncoding = 4; lastKnownFileType = sourcecode.c.objc; path = SearchViewController.m; sourceTree = "<group>"; };
		0439388B1AF54C12004EA4D3 /* FavouriteViewController.h */ = {isa = PBXFileReference; fileEncoding = 4; lastKnownFileType = sourcecode.c.h; path = FavouriteViewController.h; sourceTree = "<group>"; };
		0439388C1AF54C23004EA4D3 /* FavouriteViewController.m */ = {isa = PBXFileReference; fileEncoding = 4; lastKnownFileType = sourcecode.c.objc; path = FavouriteViewController.m; sourceTree = "<group>"; };
		0439388E1AF54C36004EA4D3 /* PopularViewController.h */ = {isa = PBXFileReference; fileEncoding = 4; lastKnownFileType = sourcecode.c.h; path = PopularViewController.h; sourceTree = "<group>"; };
		0439388F1AF54C46004EA4D3 /* PopularViewController.m */ = {isa = PBXFileReference; fileEncoding = 4; lastKnownFileType = sourcecode.c.objc; path = PopularViewController.m; sourceTree = "<group>"; };
		043938911AF54C54004EA4D3 /* SeasonViewController.h */ = {isa = PBXFileReference; lastKnownFileType = sourcecode.c.h; path = SeasonViewController.h; sourceTree = "<group>"; };
		043938921AF54C68004EA4D3 /* SeasonViewController.m */ = {isa = PBXFileReference; fileEncoding = 4; lastKnownFileType = sourcecode.c.objc; path = SeasonViewController.m; sourceTree = "<group>"; };
		045057611B83FA7C0032C8FF /* UIView+AdjustSize.h */ = {isa = PBXFileReference; fileEncoding = 4; lastKnownFileType = sourcecode.c.h; path = "UIView+AdjustSize.h"; sourceTree = "<group>"; };
		045057621B83FA7C0032C8FF /* UIView+AdjustSize.m */ = {isa = PBXFileReference; fileEncoding = 4; lastKnownFileType = sourcecode.c.objc; path = "UIView+AdjustSize.m"; sourceTree = "<group>"; };
		04551AA21AFC384000DBEE9B /* Featured.h */ = {isa = PBXFileReference; fileEncoding = 4; lastKnownFileType = sourcecode.c.h; path = Featured.h; sourceTree = "<group>"; };
		04551AA31AFC384000DBEE9B /* Featured.m */ = {isa = PBXFileReference; fileEncoding = 4; lastKnownFileType = sourcecode.c.objc; path = Featured.m; sourceTree = "<group>"; };
		0478C0FF1B658A6900AE4ED2 /* Utils.m */ = {isa = PBXFileReference; fileEncoding = 4; lastKnownFileType = sourcecode.c.objc; path = Utils.m; sourceTree = "<group>"; };
		0478C1011B658AC000AE4ED2 /* Utils.h */ = {isa = PBXFileReference; fileEncoding = 4; lastKnownFileType = sourcecode.c.h; path = Utils.h; sourceTree = "<group>"; };
		04A16D591B8BF00C00C41E95 /* TableViewCell.xib */ = {isa = PBXFileReference; fileEncoding = 4; lastKnownFileType = file.xib; path = TableViewCell.xib; sourceTree = "<group>"; };
		04A16D5B1B8BF20400C41E95 /* IngredientsTableCell.h */ = {isa = PBXFileReference; fileEncoding = 4; lastKnownFileType = sourcecode.c.h; path = IngredientsTableCell.h; sourceTree = "<group>"; };
		04A16D5C1B8BF20400C41E95 /* IngredientsTableCell.m */ = {isa = PBXFileReference; fileEncoding = 4; lastKnownFileType = sourcecode.c.objc; path = IngredientsTableCell.m; sourceTree = "<group>"; };
		04CE74381ACCC13200624A7F /* Location.m */ = {isa = PBXFileReference; fileEncoding = 4; lastKnownFileType = sourcecode.c.objc; path = Location.m; sourceTree = "<group>"; };
		04CE743A1ACCC14800624A7F /* Location.h */ = {isa = PBXFileReference; lastKnownFileType = sourcecode.c.h; path = Location.h; sourceTree = "<group>"; };
		04CE743B1ACCC81800624A7F /* Information.m */ = {isa = PBXFileReference; fileEncoding = 4; lastKnownFileType = sourcecode.c.objc; path = Information.m; sourceTree = "<group>"; };
		04CE743D1ACCC82600624A7F /* Information.h */ = {isa = PBXFileReference; lastKnownFileType = sourcecode.c.h; path = Information.h; sourceTree = "<group>"; };
		04CE743E1ACCC87500624A7F /* Popular.h */ = {isa = PBXFileReference; lastKnownFileType = sourcecode.c.h; path = Popular.h; sourceTree = "<group>"; };
		04CE743F1ACCC88300624A7F /* Popular.m */ = {isa = PBXFileReference; fileEncoding = 4; lastKnownFileType = sourcecode.c.objc; path = Popular.m; sourceTree = "<group>"; };
		04F0A0361B7187CD0041CB33 /* Titlescreen@2x.png */ = {isa = PBXFileReference; lastKnownFileType = image.png; path = "Titlescreen@2x.png"; sourceTree = "<group>"; };
		04F5CA3B1AA3B4FB002D1069 /* FACCookbook.app */ = {isa = PBXFileReference; explicitFileType = wrapper.application; includeInIndex = 0; path = FACCookbook.app; sourceTree = BUILT_PRODUCTS_DIR; };
		04F5CA3F1AA3B4FB002D1069 /* Info.plist */ = {isa = PBXFileReference; lastKnownFileType = text.plist.xml; path = Info.plist; sourceTree = "<group>"; };
		04F5CA401AA3B4FB002D1069 /* main.m */ = {isa = PBXFileReference; lastKnownFileType = sourcecode.c.objc; path = main.m; sourceTree = "<group>"; };
		04F5CA421AA3B4FB002D1069 /* AppDelegate.h */ = {isa = PBXFileReference; lastKnownFileType = sourcecode.c.h; path = AppDelegate.h; sourceTree = "<group>"; };
		04F5CA431AA3B4FB002D1069 /* AppDelegate.m */ = {isa = PBXFileReference; lastKnownFileType = sourcecode.c.objc; path = AppDelegate.m; sourceTree = "<group>"; };
		04F5CA461AA3B4FB002D1069 /* FACCookbook.xcdatamodel */ = {isa = PBXFileReference; lastKnownFileType = wrapper.xcdatamodel; path = FACCookbook.xcdatamodel; sourceTree = "<group>"; };
		04F5CA4C1AA3B4FB002D1069 /* Base */ = {isa = PBXFileReference; lastKnownFileType = file.storyboard; name = Base; path = Base.lproj/Main.storyboard; sourceTree = "<group>"; };
		04F5CA4E1AA3B4FB002D1069 /* Images.xcassets */ = {isa = PBXFileReference; lastKnownFileType = folder.assetcatalog; path = Images.xcassets; sourceTree = "<group>"; };
		04F5CA511AA3B4FB002D1069 /* Base */ = {isa = PBXFileReference; lastKnownFileType = file.xib; name = Base; path = Base.lproj/LaunchScreen.xib; sourceTree = "<group>"; };
		04F5CA571AA3B4FB002D1069 /* FACCookbookTests.xctest */ = {isa = PBXFileReference; explicitFileType = wrapper.cfbundle; includeInIndex = 0; path = FACCookbookTests.xctest; sourceTree = BUILT_PRODUCTS_DIR; };
		04F5CA5C1AA3B4FB002D1069 /* Info.plist */ = {isa = PBXFileReference; lastKnownFileType = text.plist.xml; path = Info.plist; sourceTree = "<group>"; };
		04F5CA5D1AA3B4FB002D1069 /* FACCookbookTests.m */ = {isa = PBXFileReference; lastKnownFileType = sourcecode.c.objc; path = FACCookbookTests.m; sourceTree = "<group>"; };
		04F5CA691AAA62DC002D1069 /* Direction.h */ = {isa = PBXFileReference; lastKnownFileType = sourcecode.c.h; path = Direction.h; sourceTree = "<group>"; };
		04F5CA6A1AAA62FD002D1069 /* Direction.m */ = {isa = PBXFileReference; fileEncoding = 4; lastKnownFileType = sourcecode.c.objc; path = Direction.m; sourceTree = "<group>"; };
		04F5CA6C1AAA6379002D1069 /* Ingredient.h */ = {isa = PBXFileReference; fileEncoding = 4; lastKnownFileType = sourcecode.c.h; path = Ingredient.h; sourceTree = "<group>"; };
		04F5CA6D1AAA63DC002D1069 /* Note.h */ = {isa = PBXFileReference; fileEncoding = 4; lastKnownFileType = sourcecode.c.h; path = Note.h; sourceTree = "<group>"; };
		04F5CA6E1AAA63F1002D1069 /* Recipe.h */ = {isa = PBXFileReference; fileEncoding = 4; lastKnownFileType = sourcecode.c.h; path = Recipe.h; sourceTree = "<group>"; };
		04F5CA6F1AAA64CD002D1069 /* Ingredient.m */ = {isa = PBXFileReference; fileEncoding = 4; lastKnownFileType = sourcecode.c.objc; path = Ingredient.m; sourceTree = "<group>"; };
		04F5CA711AAA64DF002D1069 /* Recipe.m */ = {isa = PBXFileReference; fileEncoding = 4; lastKnownFileType = sourcecode.c.objc; path = Recipe.m; sourceTree = "<group>"; };
		04F5CA731AAA64ED002D1069 /* Note.m */ = {isa = PBXFileReference; fileEncoding = 4; lastKnownFileType = sourcecode.c.objc; path = Note.m; sourceTree = "<group>"; };
		04F5CA751AABCBA8002D1069 /* DataService.m */ = {isa = PBXFileReference; fileEncoding = 4; lastKnownFileType = sourcecode.c.objc; path = DataService.m; sourceTree = "<group>"; };
		04F5CA771AABCBB9002D1069 /* DataService.h */ = {isa = PBXFileReference; fileEncoding = 4; lastKnownFileType = sourcecode.c.h; path = DataService.h; sourceTree = "<group>"; };
		5045CCC31B5FCB370039C2D9 /* CoreData.framework */ = {isa = PBXFileReference; lastKnownFileType = wrapper.framework; name = CoreData.framework; path = System/Library/Frameworks/CoreData.framework; sourceTree = SDKROOT; };
		509D327D1B5FCE2800388374 /* HomeView.xib */ = {isa = PBXFileReference; fileEncoding = 4; lastKnownFileType = file.xib; path = HomeView.xib; sourceTree = "<group>"; };
		509D327F1B5FD20400388374 /* HomeScreenViewLayout.h */ = {isa = PBXFileReference; fileEncoding = 4; lastKnownFileType = sourcecode.c.h; path = HomeScreenViewLayout.h; sourceTree = "<group>"; };
		509D32801B5FD20400388374 /* HomeScreenViewLayout.m */ = {isa = PBXFileReference; fileEncoding = 4; lastKnownFileType = sourcecode.c.objc; path = HomeScreenViewLayout.m; sourceTree = "<group>"; };
		559C0E6F1B5FFCD9002BF4E6 /* ParentCollectionViewController.h */ = {isa = PBXFileReference; fileEncoding = 4; lastKnownFileType = sourcecode.c.h; path = ParentCollectionViewController.h; sourceTree = "<group>"; };
		559C0E701B5FFD04002BF4E6 /* ParentCollectionViewController.m */ = {isa = PBXFileReference; fileEncoding = 4; lastKnownFileType = sourcecode.c.objc; path = ParentCollectionViewController.m; sourceTree = "<group>"; };
		A78ED9111B60373300C4DEC5 /* Purchased.m */ = {isa = PBXFileReference; fileEncoding = 4; lastKnownFileType = sourcecode.c.objc; path = Purchased.m; sourceTree = "<group>"; };
		A78ED9131B60374000C4DEC5 /* Purchased.h */ = {isa = PBXFileReference; fileEncoding = 4; lastKnownFileType = sourcecode.c.h; path = Purchased.h; sourceTree = "<group>"; };
		C96C2504B1241A726A12F127 /* Pods.debug.xcconfig */ = {isa = PBXFileReference; includeInIndex = 1; lastKnownFileType = text.xcconfig; name = Pods.debug.xcconfig; path = "Pods/Target Support Files/Pods/Pods.debug.xcconfig"; sourceTree = "<group>"; };
		DB285498520DC5955837AB35 /* libPods.a */ = {isa = PBXFileReference; explicitFileType = archive.ar; includeInIndex = 0; path = libPods.a; sourceTree = BUILT_PRODUCTS_DIR; };
		F2E2A9F81B5FFE2E002C8E31 /* SearchItems.h */ = {isa = PBXFileReference; fileEncoding = 4; lastKnownFileType = sourcecode.c.h; path = SearchItems.h; sourceTree = "<group>"; };
		F2E2A9F91B5FFE2E002C8E31 /* SearchItems.m */ = {isa = PBXFileReference; fileEncoding = 4; lastKnownFileType = sourcecode.c.objc; path = SearchItems.m; sourceTree = "<group>"; };
		F2E2A9FE1B6006F5002C8E31 /* Categories.h */ = {isa = PBXFileReference; fileEncoding = 4; lastKnownFileType = sourcecode.c.h; path = Categories.h; sourceTree = "<group>"; };
		F2E2A9FF1B6006F5002C8E31 /* Categories.m */ = {isa = PBXFileReference; fileEncoding = 4; lastKnownFileType = sourcecode.c.objc; path = Categories.m; sourceTree = "<group>"; };
/* End PBXFileReference section */

/* Begin PBXFrameworksBuildPhase section */
		04F5CA381AA3B4FB002D1069 /* Frameworks */ = {
			isa = PBXFrameworksBuildPhase;
			buildActionMask = 2147483647;
			files = (
				5045CCC41B5FCB370039C2D9 /* CoreData.framework in Frameworks */,
				043938711AF2FEB7004EA4D3 /* MapKit.framework in Frameworks */,
				DC3D88E0AC69975EE4B0D3F5 /* libPods.a in Frameworks */,
			);
			runOnlyForDeploymentPostprocessing = 0;
		};
		04F5CA541AA3B4FB002D1069 /* Frameworks */ = {
			isa = PBXFrameworksBuildPhase;
			buildActionMask = 2147483647;
			files = (
			);
			runOnlyForDeploymentPostprocessing = 0;
		};
/* End PBXFrameworksBuildPhase section */

/* Begin PBXGroup section */
		043938721AF301D2004EA4D3 /* ViewControllers */ = {
			isa = PBXGroup;
			children = (
				043938751AF3021F004EA4D3 /* HomeScreenViewController.h */,
				043938731AF30206004EA4D3 /* HomeScreenViewController.m */,
				043938851AF54BCF004EA4D3 /* MapViewController.h */,
				043938861AF54BE0004EA4D3 /* MapViewController.m */,
				043938881AF54BED004EA4D3 /* SearchViewController.h */,
				043938891AF54C00004EA4D3 /* SearchViewController.m */,
				0439388B1AF54C12004EA4D3 /* FavouriteViewController.h */,
				0439388C1AF54C23004EA4D3 /* FavouriteViewController.m */,
				559C0E6F1B5FFCD9002BF4E6 /* ParentCollectionViewController.h */,
				559C0E701B5FFD04002BF4E6 /* ParentCollectionViewController.m */,
				0439388E1AF54C36004EA4D3 /* PopularViewController.h */,
				0439388F1AF54C46004EA4D3 /* PopularViewController.m */,
				043938911AF54C54004EA4D3 /* SeasonViewController.h */,
				043938921AF54C68004EA4D3 /* SeasonViewController.m */,
				0439387E1AF5445D004EA4D3 /* InformationViewController.h */,
				0439387C1AF5444F004EA4D3 /* InformationViewController.m */,
				0439387F1AF54478004EA4D3 /* LocationViewController.h */,
				043938801AF54486004EA4D3 /* LocationViewController.m */,
				043938821AF54498004EA4D3 /* RecipeViewController.h */,
				043938831AF544A9004EA4D3 /* RecipeViewController.m */,
				509D327F1B5FD20400388374 /* HomeScreenViewLayout.h */,
				509D32801B5FD20400388374 /* HomeScreenViewLayout.m */,
				0436AE751BC3585300510928 /* PurchasedViewController.h */,
				0436AE761BC3588300510928 /* PurchasedViewController.m */,
			);
			name = ViewControllers;
			sourceTree = "<group>";
		};
		043938781AF53DD6004EA4D3 /* Views */ = {
			isa = PBXGroup;
			children = (
				0439387B1AF53DF6004EA4D3 /* RecipeCell.h */,
				043938791AF53DEB004EA4D3 /* RecipeCell.m */,
				04A16D5B1B8BF20400C41E95 /* IngredientsTableCell.h */,
				04A16D5C1B8BF20400C41E95 /* IngredientsTableCell.m */,
				0436AE701BC356B000510928 /* PurchasedTableViewCell.h */,
				0436AE711BC356B000510928 /* PurchasedTableViewCell.m */,
			);
			name = Views;
			sourceTree = "<group>";
		};
		045057601B83FA3F0032C8FF /* Categories */ = {
			isa = PBXGroup;
			children = (
				045057611B83FA7C0032C8FF /* UIView+AdjustSize.h */,
				045057621B83FA7C0032C8FF /* UIView+AdjustSize.m */,
			);
			name = Categories;
			sourceTree = "<group>";
		};
		04F5CA321AA3B4FB002D1069 = {
			isa = PBXGroup;
			children = (
				04F5CA3D1AA3B4FB002D1069 /* FACCookbook */,
				04F5CA5A1AA3B4FB002D1069 /* FACCookbookTests */,
				04F5CA3C1AA3B4FB002D1069 /* Products */,
				61A50FB27CEFE47AB9AF2814 /* Pods */,
				AC4096A98AE72115300EACFE /* Frameworks */,
			);
			sourceTree = "<group>";
		};
		04F5CA3C1AA3B4FB002D1069 /* Products */ = {
			isa = PBXGroup;
			children = (
				04F5CA3B1AA3B4FB002D1069 /* FACCookbook.app */,
				04F5CA571AA3B4FB002D1069 /* FACCookbookTests.xctest */,
			);
			name = Products;
			sourceTree = "<group>";
		};
		04F5CA3D1AA3B4FB002D1069 /* FACCookbook */ = {
			isa = PBXGroup;
			children = (
				045057601B83FA3F0032C8FF /* Categories */,
				043938781AF53DD6004EA4D3 /* Views */,
				04F5CA681AAA62C9002D1069 /* Objects */,
				043938721AF301D2004EA4D3 /* ViewControllers */,
				04F5CA421AA3B4FB002D1069 /* AppDelegate.h */,
				04F5CA431AA3B4FB002D1069 /* AppDelegate.m */,
				04F5CA771AABCBB9002D1069 /* DataService.h */,
				04F5CA751AABCBA8002D1069 /* DataService.m */,
				0478C1011B658AC000AE4ED2 /* Utils.h */,
				0478C0FF1B658A6900AE4ED2 /* Utils.m */,
				04A16D591B8BF00C00C41E95 /* TableViewCell.xib */,
				0436AE6E1BC355ED00510928 /* PurchasedTableViewCell.xib */,
				04F5CA4B1AA3B4FB002D1069 /* Main.storyboard */,
				043938761AF53DA1004EA4D3 /* RecipeCell.xib */,
				04F5CA4E1AA3B4FB002D1069 /* Images.xcassets */,
				04F5CA501AA3B4FB002D1069 /* LaunchScreen.xib */,
				04F0A0361B7187CD0041CB33 /* Titlescreen@2x.png */,
				04F5CA451AA3B4FB002D1069 /* FACCookbook.xcdatamodeld */,
				04F5CA3E1AA3B4FB002D1069 /* Supporting Files */,
			);
			path = FACCookbook;
			sourceTree = "<group>";
		};
		04F5CA3E1AA3B4FB002D1069 /* Supporting Files */ = {
			isa = PBXGroup;
			children = (
				04F5CA3F1AA3B4FB002D1069 /* Info.plist */,
				04F5CA401AA3B4FB002D1069 /* main.m */,
				509D327D1B5FCE2800388374 /* HomeView.xib */,
			);
			name = "Supporting Files";
			sourceTree = "<group>";
		};
		04F5CA5A1AA3B4FB002D1069 /* FACCookbookTests */ = {
			isa = PBXGroup;
			children = (
				04F5CA5D1AA3B4FB002D1069 /* FACCookbookTests.m */,
				04F5CA5B1AA3B4FB002D1069 /* Supporting Files */,
			);
			path = FACCookbookTests;
			sourceTree = "<group>";
		};
		04F5CA5B1AA3B4FB002D1069 /* Supporting Files */ = {
			isa = PBXGroup;
			children = (
				04F5CA5C1AA3B4FB002D1069 /* Info.plist */,
			);
			name = "Supporting Files";
			sourceTree = "<group>";
		};
		04F5CA681AAA62C9002D1069 /* Objects */ = {
			isa = PBXGroup;
			children = (
				04F5CA691AAA62DC002D1069 /* Direction.h */,
				04F5CA6A1AAA62FD002D1069 /* Direction.m */,
				04F5CA6C1AAA6379002D1069 /* Ingredient.h */,
				04F5CA6F1AAA64CD002D1069 /* Ingredient.m */,
				04F5CA6E1AAA63F1002D1069 /* Recipe.h */,
				04F5CA711AAA64DF002D1069 /* Recipe.m */,
				04CE743A1ACCC14800624A7F /* Location.h */,
				04CE74381ACCC13200624A7F /* Location.m */,
				04CE743D1ACCC82600624A7F /* Information.h */,
				04CE743B1ACCC81800624A7F /* Information.m */,
				04CE743E1ACCC87500624A7F /* Popular.h */,
				04CE743F1ACCC88300624A7F /* Popular.m */,
				04F5CA6D1AAA63DC002D1069 /* Note.h */,
				04F5CA731AAA64ED002D1069 /* Note.m */,
				04551AA21AFC384000DBEE9B /* Featured.h */,
				04551AA31AFC384000DBEE9B /* Featured.m */,
				F2E2A9F81B5FFE2E002C8E31 /* SearchItems.h */,
				F2E2A9F91B5FFE2E002C8E31 /* SearchItems.m */,
				F2E2A9FE1B6006F5002C8E31 /* Categories.h */,
				F2E2A9FF1B6006F5002C8E31 /* Categories.m */,
				A78ED9111B60373300C4DEC5 /* Purchased.m */,
				A78ED9131B60374000C4DEC5 /* Purchased.h */,
			);
			name = Objects;
			sourceTree = "<group>";
		};
		61A50FB27CEFE47AB9AF2814 /* Pods */ = {
			isa = PBXGroup;
			children = (
				C96C2504B1241A726A12F127 /* Pods.debug.xcconfig */,
				042EE73AA618551F25E72F71 /* Pods.release.xcconfig */,
			);
			name = Pods;
			sourceTree = "<group>";
		};
		AC4096A98AE72115300EACFE /* Frameworks */ = {
			isa = PBXGroup;
			children = (
				5045CCC31B5FCB370039C2D9 /* CoreData.framework */,
				043938701AF2FEB7004EA4D3 /* MapKit.framework */,
				DB285498520DC5955837AB35 /* libPods.a */,
			);
			name = Frameworks;
			sourceTree = "<group>";
		};
/* End PBXGroup section */

/* Begin PBXNativeTarget section */
		04F5CA3A1AA3B4FB002D1069 /* FACCookbook */ = {
			isa = PBXNativeTarget;
			buildConfigurationList = 04F5CA611AA3B4FB002D1069 /* Build configuration list for PBXNativeTarget "FACCookbook" */;
			buildPhases = (
				B42E341CC19A2253892B266A /* Check Pods Manifest.lock */,
				04F5CA371AA3B4FB002D1069 /* Sources */,
				04F5CA381AA3B4FB002D1069 /* Frameworks */,
				04F5CA391AA3B4FB002D1069 /* Resources */,
				099579FAC3BFA5EE46D3CBE8 /* Copy Pods Resources */,
			);
			buildRules = (
			);
			dependencies = (
			);
			name = FACCookbook;
			productName = FACCookbook;
			productReference = 04F5CA3B1AA3B4FB002D1069 /* FACCookbook.app */;
			productType = "com.apple.product-type.application";
		};
		04F5CA561AA3B4FB002D1069 /* FACCookbookTests */ = {
			isa = PBXNativeTarget;
			buildConfigurationList = 04F5CA641AA3B4FB002D1069 /* Build configuration list for PBXNativeTarget "FACCookbookTests" */;
			buildPhases = (
				04F5CA531AA3B4FB002D1069 /* Sources */,
				04F5CA541AA3B4FB002D1069 /* Frameworks */,
				04F5CA551AA3B4FB002D1069 /* Resources */,
			);
			buildRules = (
			);
			dependencies = (
				04F5CA591AA3B4FB002D1069 /* PBXTargetDependency */,
			);
			name = FACCookbookTests;
			productName = FACCookbookTests;
			productReference = 04F5CA571AA3B4FB002D1069 /* FACCookbookTests.xctest */;
			productType = "com.apple.product-type.bundle.unit-test";
		};
/* End PBXNativeTarget section */

/* Begin PBXProject section */
		04F5CA331AA3B4FB002D1069 /* Project object */ = {
			isa = PBXProject;
			attributes = {
				LastUpgradeCheck = 0700;
				ORGANIZATIONNAME = EAC;
				TargetAttributes = {
					04F5CA3A1AA3B4FB002D1069 = {
						CreatedOnToolsVersion = 6.1.1;
						DevelopmentTeam = LK2576GXKT;
					};
					04F5CA561AA3B4FB002D1069 = {
						CreatedOnToolsVersion = 6.1.1;
						TestTargetID = 04F5CA3A1AA3B4FB002D1069;
					};
				};
			};
			buildConfigurationList = 04F5CA361AA3B4FB002D1069 /* Build configuration list for PBXProject "FACCookbook" */;
			compatibilityVersion = "Xcode 3.2";
			developmentRegion = English;
			hasScannedForEncodings = 0;
			knownRegions = (
				en,
				Base,
			);
			mainGroup = 04F5CA321AA3B4FB002D1069;
			productRefGroup = 04F5CA3C1AA3B4FB002D1069 /* Products */;
			projectDirPath = "";
			projectRoot = "";
			targets = (
				04F5CA3A1AA3B4FB002D1069 /* FACCookbook */,
				04F5CA561AA3B4FB002D1069 /* FACCookbookTests */,
			);
		};
/* End PBXProject section */

/* Begin PBXResourcesBuildPhase section */
		04F5CA391AA3B4FB002D1069 /* Resources */ = {
			isa = PBXResourcesBuildPhase;
			buildActionMask = 2147483647;
			files = (
				04F5CA4D1AA3B4FB002D1069 /* Main.storyboard in Resources */,
				04F5CA521AA3B4FB002D1069 /* LaunchScreen.xib in Resources */,
				04A16D5A1B8BF00C00C41E95 /* TableViewCell.xib in Resources */,
				04F0A0371B7187CD0041CB33 /* Titlescreen@2x.png in Resources */,
				04F5CA4F1AA3B4FB002D1069 /* Images.xcassets in Resources */,
				0436AE6F1BC355ED00510928 /* PurchasedTableViewCell.xib in Resources */,
				043938771AF53DA1004EA4D3 /* RecipeCell.xib in Resources */,
				509D327E1B5FCE2800388374 /* HomeView.xib in Resources */,
			);
			runOnlyForDeploymentPostprocessing = 0;
		};
		04F5CA551AA3B4FB002D1069 /* Resources */ = {
			isa = PBXResourcesBuildPhase;
			buildActionMask = 2147483647;
			files = (
			);
			runOnlyForDeploymentPostprocessing = 0;
		};
/* End PBXResourcesBuildPhase section */

/* Begin PBXShellScriptBuildPhase section */
		099579FAC3BFA5EE46D3CBE8 /* Copy Pods Resources */ = {
			isa = PBXShellScriptBuildPhase;
			buildActionMask = 2147483647;
			files = (
			);
			inputPaths = (
			);
			name = "Copy Pods Resources";
			outputPaths = (
			);
			runOnlyForDeploymentPostprocessing = 0;
			shellPath = /bin/sh;
			shellScript = "\"${SRCROOT}/Pods/Target Support Files/Pods/Pods-resources.sh\"\n";
			showEnvVarsInLog = 0;
		};
		B42E341CC19A2253892B266A /* Check Pods Manifest.lock */ = {
			isa = PBXShellScriptBuildPhase;
			buildActionMask = 2147483647;
			files = (
			);
			inputPaths = (
			);
			name = "Check Pods Manifest.lock";
			outputPaths = (
			);
			runOnlyForDeploymentPostprocessing = 0;
			shellPath = /bin/sh;
			shellScript = "diff \"${PODS_ROOT}/../Podfile.lock\" \"${PODS_ROOT}/Manifest.lock\" > /dev/null\nif [[ $? != 0 ]] ; then\n    cat << EOM\nerror: The sandbox is not in sync with the Podfile.lock. Run 'pod install' or update your CocoaPods installation.\nEOM\n    exit 1\nfi\n";
			showEnvVarsInLog = 0;
		};
/* End PBXShellScriptBuildPhase section */

/* Begin PBXSourcesBuildPhase section */
		04F5CA371AA3B4FB002D1069 /* Sources */ = {
			isa = PBXSourcesBuildPhase;
			buildActionMask = 2147483647;
			files = (
				0436AE771BC3590800510928 /* PurchasedViewController.m in Sources */,
				0439387D1AF5444F004EA4D3 /* InformationViewController.m in Sources */,
				04CE743C1ACCC81800624A7F /* Information.m in Sources */,
				04551AA41AFC384000DBEE9B /* Featured.m in Sources */,
				04F5CA441AA3B4FB002D1069 /* AppDelegate.m in Sources */,
				043938871AF54BE0004EA4D3 /* MapViewController.m in Sources */,
				04F5CA721AAA64DF002D1069 /* Recipe.m in Sources */,
				043938931AF54C68004EA4D3 /* SeasonViewController.m in Sources */,
				04F5CA471AA3B4FB002D1069 /* FACCookbook.xcdatamodeld in Sources */,
				F2E2A9FA1B5FFE2E002C8E31 /* SearchItems.m in Sources */,
				0439388A1AF54C00004EA4D3 /* SearchViewController.m in Sources */,
				043938741AF30206004EA4D3 /* HomeScreenViewController.m in Sources */,
				04F5CA6B1AAA62FD002D1069 /* Direction.m in Sources */,
				04F5CA701AAA64CD002D1069 /* Ingredient.m in Sources */,
				04A16D5D1B8BF20400C41E95 /* IngredientsTableCell.m in Sources */,
				A78ED9121B60373300C4DEC5 /* Purchased.m in Sources */,
				F2E2AA001B6006F5002C8E31 /* Categories.m in Sources */,
				04CE74391ACCC13200624A7F /* Location.m in Sources */,
				0439388D1AF54C23004EA4D3 /* FavouriteViewController.m in Sources */,
				04F5CA761AABCBA8002D1069 /* DataService.m in Sources */,
				045057631B83FA7C0032C8FF /* UIView+AdjustSize.m in Sources */,
				043938811AF54486004EA4D3 /* LocationViewController.m in Sources */,
				0478C1001B658A6900AE4ED2 /* Utils.m in Sources */,
				04CE74401ACCC88300624A7F /* Popular.m in Sources */,
				04F5CA411AA3B4FB002D1069 /* main.m in Sources */,
				509D32811B5FD20400388374 /* HomeScreenViewLayout.m in Sources */,
				04F5CA741AAA64ED002D1069 /* Note.m in Sources */,
				0436AE721BC356B000510928 /* PurchasedTableViewCell.m in Sources */,
				043938901AF54C46004EA4D3 /* PopularViewController.m in Sources */,
				0439387A1AF53DEB004EA4D3 /* RecipeCell.m in Sources */,
				559C0E711B5FFD04002BF4E6 /* ParentCollectionViewController.m in Sources */,
				043938841AF544A9004EA4D3 /* RecipeViewController.m in Sources */,
			);
			runOnlyForDeploymentPostprocessing = 0;
		};
		04F5CA531AA3B4FB002D1069 /* Sources */ = {
			isa = PBXSourcesBuildPhase;
			buildActionMask = 2147483647;
			files = (
				04F5CA5E1AA3B4FB002D1069 /* FACCookbookTests.m in Sources */,
			);
			runOnlyForDeploymentPostprocessing = 0;
		};
/* End PBXSourcesBuildPhase section */

/* Begin PBXTargetDependency section */
		04F5CA591AA3B4FB002D1069 /* PBXTargetDependency */ = {
			isa = PBXTargetDependency;
			target = 04F5CA3A1AA3B4FB002D1069 /* FACCookbook */;
			targetProxy = 04F5CA581AA3B4FB002D1069 /* PBXContainerItemProxy */;
		};
/* End PBXTargetDependency section */

/* Begin PBXVariantGroup section */
		04F5CA4B1AA3B4FB002D1069 /* Main.storyboard */ = {
			isa = PBXVariantGroup;
			children = (
				04F5CA4C1AA3B4FB002D1069 /* Base */,
			);
			name = Main.storyboard;
			sourceTree = "<group>";
		};
		04F5CA501AA3B4FB002D1069 /* LaunchScreen.xib */ = {
			isa = PBXVariantGroup;
			children = (
				04F5CA511AA3B4FB002D1069 /* Base */,
			);
			name = LaunchScreen.xib;
			sourceTree = "<group>";
		};
/* End PBXVariantGroup section */

/* Begin XCBuildConfiguration section */
		04F5CA5F1AA3B4FB002D1069 /* Debug */ = {
			isa = XCBuildConfiguration;
			buildSettings = {
				ALWAYS_SEARCH_USER_PATHS = NO;
				CLANG_CXX_LANGUAGE_STANDARD = "gnu++0x";
				CLANG_CXX_LIBRARY = "libc++";
				CLANG_ENABLE_MODULES = YES;
				CLANG_ENABLE_OBJC_ARC = YES;
				CLANG_WARN_BOOL_CONVERSION = YES;
				CLANG_WARN_CONSTANT_CONVERSION = YES;
				CLANG_WARN_DIRECT_OBJC_ISA_USAGE = YES_ERROR;
				CLANG_WARN_EMPTY_BODY = YES;
				CLANG_WARN_ENUM_CONVERSION = YES;
				CLANG_WARN_INT_CONVERSION = YES;
				CLANG_WARN_OBJC_ROOT_CLASS = YES_ERROR;
				CLANG_WARN_UNREACHABLE_CODE = YES;
				CLANG_WARN__DUPLICATE_METHOD_MATCH = YES;
				"CODE_SIGN_IDENTITY[sdk=iphoneos*]" = "iPhone Developer";
				COPY_PHASE_STRIP = NO;
				ENABLE_STRICT_OBJC_MSGSEND = YES;
				ENABLE_TESTABILITY = YES;
				GCC_C_LANGUAGE_STANDARD = gnu99;
				GCC_DYNAMIC_NO_PIC = NO;
				GCC_OPTIMIZATION_LEVEL = 0;
				GCC_PREPROCESSOR_DEFINITIONS = (
					"DEBUG=1",
					"$(inherited)",
				);
				GCC_SYMBOLS_PRIVATE_EXTERN = NO;
				GCC_WARN_64_TO_32_BIT_CONVERSION = YES;
				GCC_WARN_ABOUT_RETURN_TYPE = YES_ERROR;
				GCC_WARN_UNDECLARED_SELECTOR = YES;
				GCC_WARN_UNINITIALIZED_AUTOS = YES_AGGRESSIVE;
				GCC_WARN_UNUSED_FUNCTION = YES;
				GCC_WARN_UNUSED_VARIABLE = YES;
				IPHONEOS_DEPLOYMENT_TARGET = 8.0;
				MTL_ENABLE_DEBUG_INFO = YES;
				ONLY_ACTIVE_ARCH = YES;
				SDKROOT = iphoneos;
				TARGETED_DEVICE_FAMILY = "1,2";
			};
			name = Debug;
		};
		04F5CA601AA3B4FB002D1069 /* Release */ = {
			isa = XCBuildConfiguration;
			buildSettings = {
				ALWAYS_SEARCH_USER_PATHS = NO;
				CLANG_CXX_LANGUAGE_STANDARD = "gnu++0x";
				CLANG_CXX_LIBRARY = "libc++";
				CLANG_ENABLE_MODULES = YES;
				CLANG_ENABLE_OBJC_ARC = YES;
				CLANG_WARN_BOOL_CONVERSION = YES;
				CLANG_WARN_CONSTANT_CONVERSION = YES;
				CLANG_WARN_DIRECT_OBJC_ISA_USAGE = YES_ERROR;
				CLANG_WARN_EMPTY_BODY = YES;
				CLANG_WARN_ENUM_CONVERSION = YES;
				CLANG_WARN_INT_CONVERSION = YES;
				CLANG_WARN_OBJC_ROOT_CLASS = YES_ERROR;
				CLANG_WARN_UNREACHABLE_CODE = YES;
				CLANG_WARN__DUPLICATE_METHOD_MATCH = YES;
				"CODE_SIGN_IDENTITY[sdk=iphoneos*]" = "iPhone Developer";
				COPY_PHASE_STRIP = YES;
				ENABLE_NS_ASSERTIONS = NO;
				ENABLE_STRICT_OBJC_MSGSEND = YES;
				GCC_C_LANGUAGE_STANDARD = gnu99;
				GCC_WARN_64_TO_32_BIT_CONVERSION = YES;
				GCC_WARN_ABOUT_RETURN_TYPE = YES_ERROR;
				GCC_WARN_UNDECLARED_SELECTOR = YES;
				GCC_WARN_UNINITIALIZED_AUTOS = YES_AGGRESSIVE;
				GCC_WARN_UNUSED_FUNCTION = YES;
				GCC_WARN_UNUSED_VARIABLE = YES;
				IPHONEOS_DEPLOYMENT_TARGET = 8.0;
				MTL_ENABLE_DEBUG_INFO = NO;
				SDKROOT = iphoneos;
				TARGETED_DEVICE_FAMILY = "1,2";
				VALIDATE_PRODUCT = YES;
			};
			name = Release;
		};
		04F5CA621AA3B4FB002D1069 /* Debug */ = {
			isa = XCBuildConfiguration;
			baseConfigurationReference = C96C2504B1241A726A12F127 /* Pods.debug.xcconfig */;
			buildSettings = {
				ASSETCATALOG_COMPILER_APPICON_NAME = AppIcon;
				CLANG_ENABLE_MODULES = YES;
				CODE_SIGN_IDENTITY = "iPhone Developer";
				"CODE_SIGN_IDENTITY[sdk=iphoneos*]" = "iPhone Developer";
				INFOPLIST_FILE = FACCookbook/Info.plist;
				IPHONEOS_DEPLOYMENT_TARGET = 8.0;
				LD_RUNPATH_SEARCH_PATHS = "$(inherited) @executable_path/Frameworks";
				PRODUCT_BUNDLE_IDENTIFIER = "com.eac.$(PRODUCT_NAME:rfc1034identifier)";
				PRODUCT_NAME = "$(TARGET_NAME)";
				PROVISIONING_PROFILE = "";
				SWIFT_OBJC_BRIDGING_HEADER = "FACCookbook/FACCookbook-Bridging-Header.h";
				SWIFT_OPTIMIZATION_LEVEL = "-Onone";
			};
			name = Debug;
		};
		04F5CA631AA3B4FB002D1069 /* Release */ = {
			isa = XCBuildConfiguration;
			baseConfigurationReference = 042EE73AA618551F25E72F71 /* Pods.release.xcconfig */;
			buildSettings = {
				ASSETCATALOG_COMPILER_APPICON_NAME = AppIcon;
				CLANG_ENABLE_MODULES = YES;
				CODE_SIGN_IDENTITY = "iPhone Developer";
				"CODE_SIGN_IDENTITY[sdk=iphoneos*]" = "iPhone Developer";
				INFOPLIST_FILE = FACCookbook/Info.plist;
				IPHONEOS_DEPLOYMENT_TARGET = 8.0;
				LD_RUNPATH_SEARCH_PATHS = "$(inherited) @executable_path/Frameworks";
				PRODUCT_BUNDLE_IDENTIFIER = "com.eac.$(PRODUCT_NAME:rfc1034identifier)";
				PRODUCT_NAME = "$(TARGET_NAME)";
				PROVISIONING_PROFILE = "";
				SWIFT_OBJC_BRIDGING_HEADER = "FACCookbook/FACCookbook-Bridging-Header.h";
			};
			name = Release;
		};
		04F5CA651AA3B4FB002D1069 /* Debug */ = {
			isa = XCBuildConfiguration;
			buildSettings = {
				BUNDLE_LOADER = "$(TEST_HOST)";
				FRAMEWORK_SEARCH_PATHS = (
					"$(SDKROOT)/Developer/Library/Frameworks",
					"$(inherited)",
				);
				GCC_PREPROCESSOR_DEFINITIONS = (
					"DEBUG=1",
					"$(inherited)",
				);
				INFOPLIST_FILE = FACCookbookTests/Info.plist;
				LD_RUNPATH_SEARCH_PATHS = "$(inherited) @executable_path/Frameworks @loader_path/Frameworks";
				PRODUCT_BUNDLE_IDENTIFIER = "com.eac.$(PRODUCT_NAME:rfc1034identifier)";
				PRODUCT_NAME = "$(TARGET_NAME)";
				TEST_HOST = "$(BUILT_PRODUCTS_DIR)/FACCookbook.app/FACCookbook";
			};
			name = Debug;
		};
		04F5CA661AA3B4FB002D1069 /* Release */ = {
			isa = XCBuildConfiguration;
			buildSettings = {
				BUNDLE_LOADER = "$(TEST_HOST)";
				FRAMEWORK_SEARCH_PATHS = (
					"$(SDKROOT)/Developer/Library/Frameworks",
					"$(inherited)",
				);
				INFOPLIST_FILE = FACCookbookTests/Info.plist;
				LD_RUNPATH_SEARCH_PATHS = "$(inherited) @executable_path/Frameworks @loader_path/Frameworks";
				PRODUCT_BUNDLE_IDENTIFIER = "com.eac.$(PRODUCT_NAME:rfc1034identifier)";
				PRODUCT_NAME = "$(TARGET_NAME)";
				TEST_HOST = "$(BUILT_PRODUCTS_DIR)/FACCookbook.app/FACCookbook";
			};
			name = Release;
		};
/* End XCBuildConfiguration section */

/* Begin XCConfigurationList section */
		04F5CA361AA3B4FB002D1069 /* Build configuration list for PBXProject "FACCookbook" */ = {
			isa = XCConfigurationList;
			buildConfigurations = (
				04F5CA5F1AA3B4FB002D1069 /* Debug */,
				04F5CA601AA3B4FB002D1069 /* Release */,
			);
			defaultConfigurationIsVisible = 0;
			defaultConfigurationName = Release;
		};
		04F5CA611AA3B4FB002D1069 /* Build configuration list for PBXNativeTarget "FACCookbook" */ = {
			isa = XCConfigurationList;
			buildConfigurations = (
				04F5CA621AA3B4FB002D1069 /* Debug */,
				04F5CA631AA3B4FB002D1069 /* Release */,
			);
			defaultConfigurationIsVisible = 0;
			defaultConfigurationName = Release;
		};
		04F5CA641AA3B4FB002D1069 /* Build configuration list for PBXNativeTarget "FACCookbookTests" */ = {
			isa = XCConfigurationList;
			buildConfigurations = (
				04F5CA651AA3B4FB002D1069 /* Debug */,
				04F5CA661AA3B4FB002D1069 /* Release */,
			);
			defaultConfigurationIsVisible = 0;
			defaultConfigurationName = Release;
		};
/* End XCConfigurationList section */

/* Begin XCVersionGroup section */
		04F5CA451AA3B4FB002D1069 /* FACCookbook.xcdatamodeld */ = {
			isa = XCVersionGroup;
			children = (
				04F5CA461AA3B4FB002D1069 /* FACCookbook.xcdatamodel */,
			);
			currentVersion = 04F5CA461AA3B4FB002D1069 /* FACCookbook.xcdatamodel */;
			path = FACCookbook.xcdatamodeld;
			sourceTree = "<group>";
			versionGroupType = wrapper.xcdatamodel;
		};
/* End XCVersionGroup section */
	};
	rootObject = 04F5CA331AA3B4FB002D1069 /* Project object */;
}
